
Microsoft Visual Studio Solution File, Format Version 12.00
# Visual Studio Version 17
VisualStudioVersion = 17.9.34902.65
MinimumVisualStudioVersion = 10.0.40219.1
Project("{FAE04EC0-301F-11D3-BF4B-00C04F79EFBC}") = "ScientificLaboratory", "ScientificLaboratory\ScientificLaboratory.csproj", "{51510528-B595-44BC-8161-A9ABACCDC01E}"
EndProject
Global
	GlobalSection(SolutionConfigurationPlatforms) = preSolution
		Debug|Any CPU = Debug|Any CPU
		Release|Any CPU = Release|Any CPU
	EndGlobalSection
	GlobalSection(ProjectConfigurationPlatforms) = postSolution
		{51510528-B595-44BC-8161-A9ABACCDC01E}.Debug|Any CPU.ActiveCfg = Debug|Any CPU
		{51510528-B595-44BC-8161-A9ABACCDC01E}.Debug|Any CPU.Build.0 = Debug|Any CPU
		{51510528-B595-44BC-8161-A9ABACCDC01E}.Release|Any CPU.ActiveCfg = Release|Any CPU
		{51510528-B595-44BC-8161-A9ABACCDC01E}.Release|Any CPU.Build.0 = Release|Any CPU
	EndGlobalSection
	GlobalSection(SolutionProperties) = preSolution
		HideSolutionNode = FALSE
	EndGlobalSection
	GlobalSection(ExtensibilityGlobals) = postSolution
		SolutionGuid = {35CAC563-22D3-4EF4-B2B2-CE8B9C153F6E}
	EndGlobalSection
EndGlobal
